
Microsoft Visual Studio Solution File, Format Version 12.00
# Visual Studio 15
VisualStudioVersion = 15.0.27428.2005
MinimumVisualStudioVersion = 10.0.40219.1
Project("{FAE04EC0-301F-11D3-BF4B-00C04F79EFBC}") = "Vedaantees.Framework", "Vedaantees.Framework\Vedaantees.Framework.csproj", "{95FCDC7C-ACDC-4193-B09E-E7B61DDC0AB2}"
EndProject
Global
	GlobalSection(SolutionConfigurationPlatforms) = preSolution
		Debug|Any CPU = Debug|Any CPU
		Release|Any CPU = Release|Any CPU
	EndGlobalSection
	GlobalSection(ProjectConfigurationPlatforms) = postSolution
		{95FCDC7C-ACDC-4193-B09E-E7B61DDC0AB2}.Debug|Any CPU.ActiveCfg = Debug|Any CPU
		{95FCDC7C-ACDC-4193-B09E-E7B61DDC0AB2}.Debug|Any CPU.Build.0 = Debug|Any CPU
		{95FCDC7C-ACDC-4193-B09E-E7B61DDC0AB2}.Release|Any CPU.ActiveCfg = Release|Any CPU
		{95FCDC7C-ACDC-4193-B09E-E7B61DDC0AB2}.Release|Any CPU.Build.0 = Release|Any CPU
	EndGlobalSection
	GlobalSection(SolutionProperties) = preSolution
		HideSolutionNode = FALSE
	EndGlobalSection
	GlobalSection(ExtensibilityGlobals) = postSolution
		SolutionGuid = {2466580B-76C9-4D11-A360-2D91E6130FA8}
	EndGlobalSection
EndGlobal
